// !$*UTF8*$!
{
	archiveVersion = 1;
	classes = {
	};
	objectVersion = 46;
	objects = {

/* Begin PBXBuildFile section */
		36DBAC3A1C3D790100D833DC /* main.cpp in Sources */ = {isa = PBXBuildFile; fileRef = 36DBAC391C3D790100D833DC /* main.cpp */; };
/* End PBXBuildFile section */

/* Begin PBXCopyFilesBuildPhase section */
		36DBAC341C3D790100D833DC /* CopyFiles */ = {
			isa = PBXCopyFilesBuildPhase;
			buildActionMask = 2147483647;
			dstPath = /usr/share/man/man1/;
			dstSubfolderSpec = 0;
			files = (
			);
			runOnlyForDeploymentPostprocessing = 1;
		};
/* End PBXCopyFilesBuildPhase section */

/* Begin PBXFileReference section */
		36DBAC361C3D790100D833DC /* 8_7_PermutationsWithoutDups */ = {isa = PBXFileReference; explicitFileType = "compiled.mach-o.executable"; includeInIndex = 0; path = 8_7_PermutationsWithoutDups; sourceTree = BUILT_PRODUCTS_DIR; };
		36DBAC391C3D790100D833DC /* main.cpp */ = {isa = PBXFileReference; lastKnownFileType = sourcecode.cpp.cpp; path = main.cpp; sourceTree = "<group>"; };
/* End PBXFileReference section */

/* Begin PBXFrameworksBuildPhase section */
		36DBAC331C3D790100D833DC /* Frameworks */ = {
			isa = PBXFrameworksBuildPhase;
			buildActionMask = 2147483647;
			files = (
			);
			runOnlyForDeploymentPostprocessing = 0;
		};
/* End PBXFrameworksBuildPhase section */

/* Begin PBXGroup section */
		36DBAC2D1C3D790100D833DC = {
			isa = PBXGroup;
			children = (
				36DBAC381C3D790100D833DC /* 8_7_PermutationsWithoutDups */,
				36DBAC371C3D790100D833DC /* Products */,
			);
			sourceTree = "<group>";
		};
		36DBAC371C3D790100D833DC /* Products */ = {
			isa = PBXGroup;
			children = (
				36DBAC361C3D790100D833DC /* 8_7_PermutationsWithoutDups */,
			);
			name = Products;
			sourceTree = "<group>";
		};
		36DBAC381C3D790100D833DC /* 8_7_PermutationsWithoutDups */ = {
			isa = PBXGroup;
			children = (
				36DBAC391C3D790100D833DC /* main.cpp */,
			);
			path = 8_7_PermutationsWithoutDups;
			sourceTree = "<group>";
		};
/* End PBXGroup section */

/* Begin PBXNativeTarget section */
		36DBAC351C3D790100D833DC /* 8_7_PermutationsWithoutDups */ = {
			isa = PBXNativeTarget;
			buildConfigurationList = 36DBAC3D1C3D790100D833DC /* Build configuration list for PBXNativeTarget "8_7_PermutationsWithoutDups" */;
			buildPhases = (
				36DBAC321C3D790100D833DC /* Sources */,
				36DBAC331C3D790100D833DC /* Frameworks */,
				36DBAC341C3D790100D833DC /* CopyFiles */,
			);
			buildRules = (
			);
			dependencies = (
			);
			name = 8_7_PermutationsWithoutDups;
			productName = 8_7_PermutationsWithoutDups;
			productReference = 36DBAC361C3D790100D833DC /* 8_7_PermutationsWithoutDups */;
			productType = "com.apple.product-type.tool";
		};
/* End PBXNativeTarget section */

/* Begin PBXProject section */
		36DBAC2E1C3D790100D833DC /* Project object */ = {
			isa = PBXProject;
			attributes = {
				LastUpgradeCheck = 0720;
				ORGANIZATIONNAME = "Lesley Miller";
				TargetAttributes = {
					36DBAC351C3D790100D833DC = {
						CreatedOnToolsVersion = 7.2;
					};
				};
			};
			buildConfigurationList = 36DBAC311C3D790100D833DC /* Build configuration list for PBXProject "8_7_PermutationsWithoutDups" */;
			compatibilityVersion = "Xcode 3.2";
			developmentRegion = English;
			hasScannedForEncodings = 0;
			knownRegions = (
				en,
			);
			mainGroup = 36DBAC2D1C3D790100D833DC;
			productRefGroup = 36DBAC371C3D790100D833DC /* Products */;
			projectDirPath = "";
			projectRoot = "";
			targets = (
				36DBAC351C3D790100D833DC /* 8_7_PermutationsWithoutDups */,
			);
		};
/* End PBXProject section */

/* Begin PBXSourcesBuildPhase section */
		36DBAC321C3D790100D833DC /* Sources */ = {
			isa = PBXSourcesBuildPhase;
			buildActionMask = 2147483647;
			files = (
				36DBAC3A1C3D790100D833DC /* main.cpp in Sources */,
			);
			runOnlyForDeploymentPostprocessing = 0;
		};
/* End PBXSourcesBuildPhase section */

/* Begin XCBuildConfiguration section */
		36DBAC3B1C3D790100D833DC /* Debug */ = {
			isa = XCBuildConfiguration;
			buildSettings = {
				ALWAYS_SEARCH_USER_PATHS = NO;
				CLANG_CXX_LANGUAGE_STANDARD = "gnu++0x";
				CLANG_CXX_LIBRARY = "libc++";
				CLANG_ENABLE_MODULES = YES;
				CLANG_ENABLE_OBJC_ARC = YES;
				CLANG_WARN_BOOL_CONVERSION = YES;
				CLANG_WARN_CONSTANT_CONVERSION = YES;
				CLANG_WARN_DIRECT_OBJC_ISA_USAGE = YES_ERROR;
				CLANG_WARN_EMPTY_BODY = YES;
				CLANG_WARN_ENUM_CONVERSION = YES;
				CLANG_WARN_INT_CONVERSION = YES;
				CLANG_WARN_OBJC_ROOT_CLASS = YES_ERROR;
				CLANG_WARN_UNREACHABLE_CODE = YES;
				CLANG_WARN__DUPLICATE_METHOD_MATCH = YES;
				CODE_SIGN_IDENTITY = "-";
				COPY_PHASE_STRIP = NO;
				DEBUG_INFORMATION_FORMAT = dwarf;
				ENABLE_STRICT_OBJC_MSGSEND = YES;
				ENABLE_TESTABILITY = YES;
				GCC_C_LANGUAGE_STANDARD = gnu99;
				GCC_DYNAMIC_NO_PIC = NO;
				GCC_NO_COMMON_BLOCKS = YES;
				GCC_OPTIMIZATION_LEVEL = 0;
				GCC_PREPROCESSOR_DEFINITIONS = (
					"DEBUG=1",
					"$(inherited)",
				);
				GCC_WARN_64_TO_32_BIT_CONVERSION = YES;
				GCC_WARN_ABOUT_RETURN_TYPE = YES_ERROR;
				GCC_WARN_UNDECLARED_SELECTOR = YES;
				GCC_WARN_UNINITIALIZED_AUTOS = YES_AGGRESSIVE;
				GCC_WARN_UNUSED_FUNCTION = YES;
				GCC_WARN_UNUSED_VARIABLE = YES;
				MACOSX_DEPLOYMENT_TARGET = 10.11;
				MTL_ENABLE_DEBUG_INFO = YES;
				ONLY_ACTIVE_ARCH = YES;
				SDKROOT = macosx;
			};
			name = Debug;
		};
		36DBAC3C1C3D790100D833DC /* Release */ = {
			isa = XCBuildConfiguration;
			buildSettings = {
				ALWAYS_SEARCH_USER_PATHS = NO;
				CLANG_CXX_LANGUAGE_STANDARD = "gnu++0x";
				CLANG_CXX_LIBRARY = "libc++";
				CLANG_ENABLE_MODULES = YES;
				CLANG_ENABLE_OBJC_ARC = YES;
				CLANG_WARN_BOOL_CONVERSION = YES;
				CLANG_WARN_CONSTANT_CONVERSION = YES;
				CLANG_WARN_DIRECT_OBJC_ISA_USAGE = YES_ERROR;
				CLANG_WARN_EMPTY_BODY = YES;
				CLANG_WARN_ENUM_CONVERSION = YES;
				CLANG_WARN_INT_CONVERSION = YES;
				CLANG_WARN_OBJC_ROOT_CLASS = YES_ERROR;
				CLANG_WARN_UNREACHABLE_CODE = YES;
				CLANG_WARN__DUPLICATE_METHOD_MATCH = YES;
				CODE_SIGN_IDENTITY = "-";
				COPY_PHASE_STRIP = NO;
				DEBUG_INFORMATION_FORMAT = "dwarf-with-dsym";
				ENABLE_NS_ASSERTIONS = NO;
				ENABLE_STRICT_OBJC_MSGSEND = YES;
				GCC_C_LANGUAGE_STANDARD = gnu99;
				GCC_NO_COMMON_BLOCKS = YES;
				GCC_WARN_64_TO_32_BIT_CONVERSION = YES;
				GCC_WARN_ABOUT_RETURN_TYPE = YES_ERROR;
				GCC_WARN_UNDECLARED_SELECTOR = YES;
				GCC_WARN_UNINITIALIZED_AUTOS = YES_AGGRESSIVE;
				GCC_WARN_UNUSED_FUNCTION = YES;
				GCC_WARN_UNUSED_VARIABLE = YES;
				MACOSX_DEPLOYMENT_TARGET = 10.11;
				MTL_ENABLE_DEBUG_INFO = NO;
				SDKROOT = macosx;
			};
			name = Release;
		};
		36DBAC3E1C3D790100D833DC /* Debug */ = {
			isa = XCBuildConfiguration;
			buildSettings = {
				PRODUCT_NAME = "$(TARGET_NAME)";
			};
			name = Debug;
		};
		36DBAC3F1C3D790100D833DC /* Release */ = {
			isa = XCBuildConfiguration;
			buildSettings = {
				PRODUCT_NAME = "$(TARGET_NAME)";
			};
			name = Release;
		};
/* End XCBuildConfiguration section */

/* Begin XCConfigurationList section */
		36DBAC311C3D790100D833DC /* Build configuration list for PBXProject "8_7_PermutationsWithoutDups" */ = {
			isa = XCConfigurationList;
			buildConfigurations = (
				36DBAC3B1C3D790100D833DC /* Debug */,
				36DBAC3C1C3D790100D833DC /* Release */,
			);
			defaultConfigurationIsVisible = 0;
			defaultConfigurationName = Release;
		};
		36DBAC3D1C3D790100D833DC /* Build configuration list for PBXNativeTarget "8_7_PermutationsWithoutDups" */ = {
			isa = XCConfigurationList;
			buildConfigurations = (
				36DBAC3E1C3D790100D833DC /* Debug */,
				36DBAC3F1C3D790100D833DC /* Release */,
			);
			defaultConfigurationIsVisible = 0;
		};
/* End XCConfigurationList section */
	};
	rootObject = 36DBAC2E1C3D790100D833DC /* Project object */;
}
