{
    "name": "my-app",
    "version": "0.1.0",
    "lockfileVersion": 1,
    "requires": true,
    "dependencies": {
        "@fortawesome/fontawesome-common-types": {
            "version": "0.2.25",
            "resolved": "https://registry.npmjs.org/@fortawesome/fontawesome-common-types/-/fontawesome-common-types-0.2.25.tgz",
            "integrity": "sha512-3RuZPDuuPELd7RXtUqTCfed14fcny9UiPOkdr2i+cYxBoTOfQgxcDoq77fHiiHcgWuo1LoBUpvGxFF1H/y7s3Q=="
        },
        "@fortawesome/fontawesome-pro": {
            "version": "5.11.2",
            "resolved": "https://npm.fontawesome.com/@fortawesome/fontawesome-pro/-/fontawesome-pro-5.11.2.tgz",
            "integrity": "sha512-qDJHtsCBkGqVM1i10aTjl1WCB/YPCxYYn7lQZNXDqo0yHzBXiwrwv2RXDV4vWgFP7fvCeqKVkP0Co2YQnkTxJg==",
            "dev": true
        },
        "@fortawesome/fontawesome-svg-core": {
            "version": "1.2.25",
            "resolved": "https://registry.npmjs.org/@fortawesome/fontawesome-svg-core/-/fontawesome-svg-core-1.2.25.tgz",
            "integrity": "sha512-MotKnn53JKqbkLQiwcZSBJVYtTgIKFbh7B8+kd05TSnfKYPFmjKKI59o2fpz5t0Hzl35vVGU6+N4twoOpZUrqA==",
            "requires": {
                "@fortawesome/fontawesome-common-types": "^0.2.25"
            }
        },
        "@fortawesome/free-solid-svg-icons": {
            "version": "5.11.2",
            "resolved": "https://registry.npmjs.org/@fortawesome/free-solid-svg-icons/-/free-solid-svg-icons-5.11.2.tgz",
            "integrity": "sha512-zBue4i0PAZJUXOmLBBvM7L0O7wmsDC8dFv9IhpW5QL4kT9xhhVUsYg/LX1+5KaukWq4/cbDcKT+RT1aRe543sg==",
            "requires": {
                "@fortawesome/fontawesome-common-types": "^0.2.25"
            }
        },
        "@fortawesome/react-fontawesome": {
            "version": "0.1.7",
            "resolved": "https://registry.npmjs.org/@fortawesome/react-fontawesome/-/react-fontawesome-0.1.7.tgz",
            "integrity": "sha512-AHWSzOsHBe5vqOkrvs+CKw+8eLl+0XZsVixOWhTPpGpOA8WQUbVU6J9cmtAvTaxUU5OIf+rgxxF8ZKc3BVldxg==",
            "requires": {
                "prop-types": "^15.5.10"
            }
        },
        "bootstrap": {
            "version": "4.3.1",
            "resolved": "https://registry.npmjs.org/bootstrap/-/bootstrap-4.3.1.tgz",
            "integrity": "sha512-rXqOmH1VilAt2DyPzluTi2blhk17bO7ef+zLLPlWvG494pDxcM234pJ8wTc/6R40UWizAIIMgxjvxZg5kmsbag=="
        },
        "js-tokens": {
            "version": "4.0.0",
            "resolved": "https://registry.npmjs.org/js-tokens/-/js-tokens-4.0.0.tgz",
            "integrity": "sha512-RdJUflcE3cUzKiMqQgsCu06FPu9UdIJO0beYbPhHN4k6apgJtifcoCtT9bcxOpYBtpD2kCM6Sbzg4CausW/PKQ=="
        },
        "loose-envify": {
            "version": "1.4.0",
            "resolved": "https://registry.npmjs.org/loose-envify/-/loose-envify-1.4.0.tgz",
            "integrity": "sha512-lyuxPGr/Wfhrlem2CL/UcnUc1zcqKAImBDzukY7Y5F/yQiNdko6+fRLevlw1HgMySw7f611UIY408EtxRSoK3Q==",
            "requires": {
                "js-tokens": "^3.0.0 || ^4.0.0"
            }
        },
        "object-assign": {
            "version": "4.1.1",
            "resolved": "https://registry.npmjs.org/object-assign/-/object-assign-4.1.1.tgz",
            "integrity": "sha1-IQmtx5ZYh8/AXLvUQsrIv7s2CGM="
        },
        "prop-types": {
            "version": "15.7.2",
            "resolved": "https://registry.npmjs.org/prop-types/-/prop-types-15.7.2.tgz",
            "integrity": "sha512-8QQikdH7//R2vurIJSutZ1smHYTcLpRWEOlHnzcWHmBYrOGUysKwSsrC89BCiFj3CbrfJ/nXFdJepOVrY1GCHQ==",
            "requires": {
                "loose-envify": "^1.4.0",
                "object-assign": "^4.1.1",
                "react-is": "^16.8.1"
            }
        },
        "react": {
            "version": "16.11.0",
            "resolved": "https://registry.npmjs.org/react/-/react-16.11.0.tgz",
            "integrity": "sha512-M5Y8yITaLmU0ynd0r1Yvfq98Rmll6q8AxaEe88c8e7LxO8fZ2cNgmFt0aGAS9wzf1Ao32NKXtCl+/tVVtkxq6g==",
            "requires": {
                "loose-envify": "^1.1.0",
                "object-assign": "^4.1.1",
                "prop-types": "^15.6.2"
            }
        },
        "react-bootstrap": {
            "version": "1.0.0-beta.14",
            "resolved": "https://registry.npmjs.org/react-bootstrap/-/react-bootstrap-1.0.0-beta.14.tgz",
            "integrity": "sha512-UGK5f78FE8wAei1YL/oSwFlJZLqxJ/h4S8DCwHyY8hQjFCrjEW5PoEBTOOhQ6PQL6WOsZe1jkiOJG7L5TZWu+w==",
            "requires": {
                "@babel/runtime": "^7.4.2",
                "@restart/context": "^2.1.4",
                "@restart/hooks": "^0.3.11",
                "@types/react": "^16.8.23",
                "classnames": "^2.2.6",
                "dom-helpers": "^3.4.0",
                "invariant": "^2.2.4",
                "keycode": "^2.2.0",
                "popper.js": "^1.14.7",
                "prop-types": "^15.7.2",
                "prop-types-extra": "^1.1.0",
                "react-overlays": "^1.2.0",
                "react-transition-group": "^4.0.0",
                "uncontrollable": "^7.0.0",
                "warning": "^4.0.3"
            }
        },
        "react-dom": {
            "version": "16.11.0",
            "resolved": "https://registry.npmjs.org/react-dom/-/react-dom-16.11.0.tgz",
            "integrity": "sha512-nrRyIUE1e7j8PaXSPtyRKtz+2y9ubW/ghNgqKFHHAHaeP0fpF5uXR+sq8IMRHC+ZUxw7W9NyCDTBtwWxvkb0iA==",
            "requires": {
                "loose-envify": "^1.1.0",
                "object-assign": "^4.1.1",
                "prop-types": "^15.6.2",
                "scheduler": "^0.17.0"
            }
        },
        "react-is": {
            "version": "16.11.0",
            "resolved": "https://registry.npmjs.org/react-is/-/react-is-16.11.0.tgz",
            "integrity": "sha512-gbBVYR2p8mnriqAwWx9LbuUrShnAuSCNnuPGyc7GJrMVQtPDAh8iLpv7FRuMPFb56KkaVZIYSz1PrjI9q0QPCw=="
        },
        "react-scripts": {
            "version": "3.2.0",
            "resolved": "https://registry.npmjs.org/react-scripts/-/react-scripts-3.2.0.tgz",
            "integrity": "sha512-6LzuKbE2B4eFQG6i1FnTScn9HDcWBfXXnOwW9xKFPJ/E3rK8i1ufbOZ0ocKyRPxJAKdN7iqg3i7lt0+oxkSVOA==",
            "requires": {
                "@babel/core": "7.6.0",
                "@svgr/webpack": "4.3.2",
                "@typescript-eslint/eslint-plugin": "^2.2.0",
                "@typescript-eslint/parser": "^2.2.0",
                "babel-eslint": "10.0.3",
                "babel-jest": "^24.9.0",
                "babel-loader": "8.0.6",
                "babel-plugin-named-asset-import": "^0.3.4",
                "babel-preset-react-app": "^9.0.2",
                "camelcase": "^5.2.0",
                "case-sensitive-paths-webpack-plugin": "2.2.0",
                "css-loader": "2.1.1",
                "dotenv": "6.2.0",
                "dotenv-expand": "5.1.0",
                "eslint": "^6.1.0",
                "eslint-config-react-app": "^5.0.2",
                "eslint-loader": "3.0.2",
                "eslint-plugin-flowtype": "3.13.0",
                "eslint-plugin-import": "2.18.2",
                "eslint-plugin-jsx-a11y": "6.2.3",
                "eslint-plugin-react": "7.14.3",
                "eslint-plugin-react-hooks": "^1.6.1",
                "file-loader": "3.0.1",
                "fs-extra": "7.0.1",
                "fsevents": "2.0.7",
                "html-webpack-plugin": "4.0.0-beta.5",
                "identity-obj-proxy": "3.0.0",
                "is-wsl": "^1.1.0",
                "jest": "24.9.0",
                "jest-environment-jsdom-fourteen": "0.1.0",
                "jest-resolve": "24.9.0",
                "jest-watch-typeahead": "0.4.0",
                "mini-css-extract-plugin": "0.8.0",
                "optimize-css-assets-webpack-plugin": "5.0.3",
                "pnp-webpack-plugin": "1.5.0",
                "postcss-flexbugs-fixes": "4.1.0",
                "postcss-loader": "3.0.0",
                "postcss-normalize": "7.0.1",
                "postcss-preset-env": "6.7.0",
                "postcss-safe-parser": "4.0.1",
                "react-app-polyfill": "^1.0.4",
                "react-dev-utils": "^9.1.0",
                "resolve": "1.12.0",
                "resolve-url-loader": "3.1.0",
                "sass-loader": "7.2.0",
                "semver": "6.3.0",
                "style-loader": "1.0.0",
                "terser-webpack-plugin": "1.4.1",
                "ts-pnp": "1.1.4",
                "url-loader": "2.1.0",
                "webpack": "4.41.0",
                "webpack-dev-server": "3.2.1",
                "webpack-manifest-plugin": "2.1.1",
                "workbox-webpack-plugin": "4.3.1"
            }
        }
    }
}
