// !$*UTF8*$!
{
	archiveVersion = 1;
	classes = {
	};
	objectVersion = 46;
	objects = {

/* Begin PBXBuildFile section */
		36D7DB241BAC4315003F8A94 /* main.cpp in Sources */ = {isa = PBXBuildFile; fileRef = 36D7DB231BAC4315003F8A94 /* main.cpp */; };
/* End PBXBuildFile section */

/* Begin PBXCopyFilesBuildPhase section */
		36D7DB1E1BAC4315003F8A94 /* CopyFiles */ = {
			isa = PBXCopyFilesBuildPhase;
			buildActionMask = 2147483647;
			dstPath = /usr/share/man/man1/;
			dstSubfolderSpec = 0;
			files = (
			);
			runOnlyForDeploymentPostprocessing = 1;
		};
/* End PBXCopyFilesBuildPhase section */

/* Begin PBXFileReference section */
		36D7DB201BAC4315003F8A94 /* mergeSortedFiles */ = {isa = PBXFileReference; explicitFileType = "compiled.mach-o.executable"; includeInIndex = 0; path = mergeSortedFiles; sourceTree = BUILT_PRODUCTS_DIR; };
		36D7DB231BAC4315003F8A94 /* main.cpp */ = {isa = PBXFileReference; lastKnownFileType = sourcecode.cpp.cpp; path = main.cpp; sourceTree = "<group>"; };
		36D7DB2A1BAC4654003F8A94 /* a.txt */ = {isa = PBXFileReference; fileEncoding = 4; lastKnownFileType = text; path = a.txt; sourceTree = "<group>"; };
		36D7DB2B1BAC4688003F8A94 /* b.txt */ = {isa = PBXFileReference; fileEncoding = 4; lastKnownFileType = text; path = b.txt; sourceTree = "<group>"; };
		36D7DB2C1BAC4A16003F8A94 /* filec.txt */ = {isa = PBXFileReference; fileEncoding = 4; lastKnownFileType = text; path = filec.txt; sourceTree = "<group>"; };
/* End PBXFileReference section */

/* Begin PBXFrameworksBuildPhase section */
		36D7DB1D1BAC4315003F8A94 /* Frameworks */ = {
			isa = PBXFrameworksBuildPhase;
			buildActionMask = 2147483647;
			files = (
			);
			runOnlyForDeploymentPostprocessing = 0;
		};
/* End PBXFrameworksBuildPhase section */

/* Begin PBXGroup section */
		36D7DB171BAC4315003F8A94 = {
			isa = PBXGroup;
			children = (
				36D7DB2C1BAC4A16003F8A94 /* filec.txt */,
				36D7DB2B1BAC4688003F8A94 /* b.txt */,
				36D7DB2A1BAC4654003F8A94 /* a.txt */,
				36D7DB221BAC4315003F8A94 /* mergeSortedFiles */,
				36D7DB211BAC4315003F8A94 /* Products */,
			);
			sourceTree = "<group>";
		};
		36D7DB211BAC4315003F8A94 /* Products */ = {
			isa = PBXGroup;
			children = (
				36D7DB201BAC4315003F8A94 /* mergeSortedFiles */,
			);
			name = Products;
			sourceTree = "<group>";
		};
		36D7DB221BAC4315003F8A94 /* mergeSortedFiles */ = {
			isa = PBXGroup;
			children = (
				36D7DB231BAC4315003F8A94 /* main.cpp */,
			);
			path = mergeSortedFiles;
			sourceTree = "<group>";
		};
/* End PBXGroup section */

/* Begin PBXNativeTarget section */
		36D7DB1F1BAC4315003F8A94 /* mergeSortedFiles */ = {
			isa = PBXNativeTarget;
			buildConfigurationList = 36D7DB271BAC4315003F8A94 /* Build configuration list for PBXNativeTarget "mergeSortedFiles" */;
			buildPhases = (
				36D7DB1C1BAC4315003F8A94 /* Sources */,
				36D7DB1D1BAC4315003F8A94 /* Frameworks */,
				36D7DB1E1BAC4315003F8A94 /* CopyFiles */,
			);
			buildRules = (
			);
			dependencies = (
			);
			name = mergeSortedFiles;
			productName = mergeSortedFiles;
			productReference = 36D7DB201BAC4315003F8A94 /* mergeSortedFiles */;
			productType = "com.apple.product-type.tool";
		};
/* End PBXNativeTarget section */

/* Begin PBXProject section */
		36D7DB181BAC4315003F8A94 /* Project object */ = {
			isa = PBXProject;
			attributes = {
				LastUpgradeCheck = 0640;
				ORGANIZATIONNAME = "Lesley Miller";
				TargetAttributes = {
					36D7DB1F1BAC4315003F8A94 = {
						CreatedOnToolsVersion = 6.4;
					};
				};
			};
			buildConfigurationList = 36D7DB1B1BAC4315003F8A94 /* Build configuration list for PBXProject "mergeSortedFiles" */;
			compatibilityVersion = "Xcode 3.2";
			developmentRegion = English;
			hasScannedForEncodings = 0;
			knownRegions = (
				en,
			);
			mainGroup = 36D7DB171BAC4315003F8A94;
			productRefGroup = 36D7DB211BAC4315003F8A94 /* Products */;
			projectDirPath = "";
			projectRoot = "";
			targets = (
				36D7DB1F1BAC4315003F8A94 /* mergeSortedFiles */,
			);
		};
/* End PBXProject section */

/* Begin PBXSourcesBuildPhase section */
		36D7DB1C1BAC4315003F8A94 /* Sources */ = {
			isa = PBXSourcesBuildPhase;
			buildActionMask = 2147483647;
			files = (
				36D7DB241BAC4315003F8A94 /* main.cpp in Sources */,
			);
			runOnlyForDeploymentPostprocessing = 0;
		};
/* End PBXSourcesBuildPhase section */

/* Begin XCBuildConfiguration section */
		36D7DB251BAC4315003F8A94 /* Debug */ = {
			isa = XCBuildConfiguration;
			buildSettings = {
				ALWAYS_SEARCH_USER_PATHS = NO;
				CLANG_CXX_LANGUAGE_STANDARD = "gnu++0x";
				CLANG_CXX_LIBRARY = "libc++";
				CLANG_ENABLE_MODULES = YES;
				CLANG_ENABLE_OBJC_ARC = YES;
				CLANG_WARN_BOOL_CONVERSION = YES;
				CLANG_WARN_CONSTANT_CONVERSION = YES;
				CLANG_WARN_DIRECT_OBJC_ISA_USAGE = YES_ERROR;
				CLANG_WARN_EMPTY_BODY = YES;
				CLANG_WARN_ENUM_CONVERSION = YES;
				CLANG_WARN_INT_CONVERSION = YES;
				CLANG_WARN_OBJC_ROOT_CLASS = YES_ERROR;
				CLANG_WARN_UNREACHABLE_CODE = YES;
				CLANG_WARN__DUPLICATE_METHOD_MATCH = YES;
				COPY_PHASE_STRIP = NO;
				DEBUG_INFORMATION_FORMAT = dwarf;
				ENABLE_STRICT_OBJC_MSGSEND = YES;
				GCC_C_LANGUAGE_STANDARD = gnu99;
				GCC_DYNAMIC_NO_PIC = NO;
				GCC_NO_COMMON_BLOCKS = YES;
				GCC_OPTIMIZATION_LEVEL = 0;
				GCC_PREPROCESSOR_DEFINITIONS = (
					"DEBUG=1",
					"$(inherited)",
				);
				GCC_SYMBOLS_PRIVATE_EXTERN = NO;
				GCC_WARN_64_TO_32_BIT_CONVERSION = YES;
				GCC_WARN_ABOUT_RETURN_TYPE = YES_ERROR;
				GCC_WARN_UNDECLARED_SELECTOR = YES;
				GCC_WARN_UNINITIALIZED_AUTOS = YES_AGGRESSIVE;
				GCC_WARN_UNUSED_FUNCTION = YES;
				GCC_WARN_UNUSED_VARIABLE = YES;
				MACOSX_DEPLOYMENT_TARGET = 10.10;
				MTL_ENABLE_DEBUG_INFO = YES;
				ONLY_ACTIVE_ARCH = YES;
				SDKROOT = macosx;
			};
			name = Debug;
		};
		36D7DB261BAC4315003F8A94 /* Release */ = {
			isa = XCBuildConfiguration;
			buildSettings = {
				ALWAYS_SEARCH_USER_PATHS = NO;
				CLANG_CXX_LANGUAGE_STANDARD = "gnu++0x";
				CLANG_CXX_LIBRARY = "libc++";
				CLANG_ENABLE_MODULES = YES;
				CLANG_ENABLE_OBJC_ARC = YES;
				CLANG_WARN_BOOL_CONVERSION = YES;
				CLANG_WARN_CONSTANT_CONVERSION = YES;
				CLANG_WARN_DIRECT_OBJC_ISA_USAGE = YES_ERROR;
				CLANG_WARN_EMPTY_BODY = YES;
				CLANG_WARN_ENUM_CONVERSION = YES;
				CLANG_WARN_INT_CONVERSION = YES;
				CLANG_WARN_OBJC_ROOT_CLASS = YES_ERROR;
				CLANG_WARN_UNREACHABLE_CODE = YES;
				CLANG_WARN__DUPLICATE_METHOD_MATCH = YES;
				COPY_PHASE_STRIP = NO;
				DEBUG_INFORMATION_FORMAT = "dwarf-with-dsym";
				ENABLE_NS_ASSERTIONS = NO;
				ENABLE_STRICT_OBJC_MSGSEND = YES;
				GCC_C_LANGUAGE_STANDARD = gnu99;
				GCC_NO_COMMON_BLOCKS = YES;
				GCC_WARN_64_TO_32_BIT_CONVERSION = YES;
				GCC_WARN_ABOUT_RETURN_TYPE = YES_ERROR;
				GCC_WARN_UNDECLARED_SELECTOR = YES;
				GCC_WARN_UNINITIALIZED_AUTOS = YES_AGGRESSIVE;
				GCC_WARN_UNUSED_FUNCTION = YES;
				GCC_WARN_UNUSED_VARIABLE = YES;
				MACOSX_DEPLOYMENT_TARGET = 10.10;
				MTL_ENABLE_DEBUG_INFO = NO;
				SDKROOT = macosx;
			};
			name = Release;
		};
		36D7DB281BAC4315003F8A94 /* Debug */ = {
			isa = XCBuildConfiguration;
			buildSettings = {
				PRODUCT_NAME = "$(TARGET_NAME)";
			};
			name = Debug;
		};
		36D7DB291BAC4315003F8A94 /* Release */ = {
			isa = XCBuildConfiguration;
			buildSettings = {
				PRODUCT_NAME = "$(TARGET_NAME)";
			};
			name = Release;
		};
/* End XCBuildConfiguration section */

/* Begin XCConfigurationList section */
		36D7DB1B1BAC4315003F8A94 /* Build configuration list for PBXProject "mergeSortedFiles" */ = {
			isa = XCConfigurationList;
			buildConfigurations = (
				36D7DB251BAC4315003F8A94 /* Debug */,
				36D7DB261BAC4315003F8A94 /* Release */,
			);
			defaultConfigurationIsVisible = 0;
			defaultConfigurationName = Release;
		};
		36D7DB271BAC4315003F8A94 /* Build configuration list for PBXNativeTarget "mergeSortedFiles" */ = {
			isa = XCConfigurationList;
			buildConfigurations = (
				36D7DB281BAC4315003F8A94 /* Debug */,
				36D7DB291BAC4315003F8A94 /* Release */,
			);
			defaultConfigurationIsVisible = 0;
		};
/* End XCConfigurationList section */
	};
	rootObject = 36D7DB181BAC4315003F8A94 /* Project object */;
}
