// !$*UTF8*$!
{
	archiveVersion = 1;
	classes = {
	};
	objectVersion = 46;
	objects = {

/* Begin PBXBuildFile section */
		36DD93E61BD30DE30004FAEA /* main.cpp in Sources */ = {isa = PBXBuildFile; fileRef = 36DD93E51BD30DE30004FAEA /* main.cpp */; };
/* End PBXBuildFile section */

/* Begin PBXCopyFilesBuildPhase section */
		36DD93E01BD30DE30004FAEA /* CopyFiles */ = {
			isa = PBXCopyFilesBuildPhase;
			buildActionMask = 2147483647;
			dstPath = /usr/share/man/man1/;
			dstSubfolderSpec = 0;
			files = (
			);
			runOnlyForDeploymentPostprocessing = 1;
		};
/* End PBXCopyFilesBuildPhase section */

/* Begin PBXFileReference section */
		36DD93E21BD30DE30004FAEA /* 1_4_PalindromePermutation */ = {isa = PBXFileReference; explicitFileType = "compiled.mach-o.executable"; includeInIndex = 0; path = 1_4_PalindromePermutation; sourceTree = BUILT_PRODUCTS_DIR; };
		36DD93E51BD30DE30004FAEA /* main.cpp */ = {isa = PBXFileReference; lastKnownFileType = sourcecode.cpp.cpp; path = main.cpp; sourceTree = "<group>"; };
/* End PBXFileReference section */

/* Begin PBXFrameworksBuildPhase section */
		36DD93DF1BD30DE30004FAEA /* Frameworks */ = {
			isa = PBXFrameworksBuildPhase;
			buildActionMask = 2147483647;
			files = (
			);
			runOnlyForDeploymentPostprocessing = 0;
		};
/* End PBXFrameworksBuildPhase section */

/* Begin PBXGroup section */
		36DD93D91BD30DE30004FAEA = {
			isa = PBXGroup;
			children = (
				36DD93E41BD30DE30004FAEA /* 1_4_PalindromePermutation */,
				36DD93E31BD30DE30004FAEA /* Products */,
			);
			sourceTree = "<group>";
		};
		36DD93E31BD30DE30004FAEA /* Products */ = {
			isa = PBXGroup;
			children = (
				36DD93E21BD30DE30004FAEA /* 1_4_PalindromePermutation */,
			);
			name = Products;
			sourceTree = "<group>";
		};
		36DD93E41BD30DE30004FAEA /* 1_4_PalindromePermutation */ = {
			isa = PBXGroup;
			children = (
				36DD93E51BD30DE30004FAEA /* main.cpp */,
			);
			path = 1_4_PalindromePermutation;
			sourceTree = "<group>";
		};
/* End PBXGroup section */

/* Begin PBXNativeTarget section */
		36DD93E11BD30DE30004FAEA /* 1_4_PalindromePermutation */ = {
			isa = PBXNativeTarget;
			buildConfigurationList = 36DD93E91BD30DE30004FAEA /* Build configuration list for PBXNativeTarget "1_4_PalindromePermutation" */;
			buildPhases = (
				36DD93DE1BD30DE30004FAEA /* Sources */,
				36DD93DF1BD30DE30004FAEA /* Frameworks */,
				36DD93E01BD30DE30004FAEA /* CopyFiles */,
			);
			buildRules = (
			);
			dependencies = (
			);
			name = 1_4_PalindromePermutation;
			productName = 1_4_PalindromePermutation;
			productReference = 36DD93E21BD30DE30004FAEA /* 1_4_PalindromePermutation */;
			productType = "com.apple.product-type.tool";
		};
/* End PBXNativeTarget section */

/* Begin PBXProject section */
		36DD93DA1BD30DE30004FAEA /* Project object */ = {
			isa = PBXProject;
			attributes = {
				LastUpgradeCheck = 0640;
				ORGANIZATIONNAME = "Lesley Miller";
				TargetAttributes = {
					36DD93E11BD30DE30004FAEA = {
						CreatedOnToolsVersion = 6.4;
					};
				};
			};
			buildConfigurationList = 36DD93DD1BD30DE30004FAEA /* Build configuration list for PBXProject "1_4_PalindromePermutation" */;
			compatibilityVersion = "Xcode 3.2";
			developmentRegion = English;
			hasScannedForEncodings = 0;
			knownRegions = (
				en,
			);
			mainGroup = 36DD93D91BD30DE30004FAEA;
			productRefGroup = 36DD93E31BD30DE30004FAEA /* Products */;
			projectDirPath = "";
			projectRoot = "";
			targets = (
				36DD93E11BD30DE30004FAEA /* 1_4_PalindromePermutation */,
			);
		};
/* End PBXProject section */

/* Begin PBXSourcesBuildPhase section */
		36DD93DE1BD30DE30004FAEA /* Sources */ = {
			isa = PBXSourcesBuildPhase;
			buildActionMask = 2147483647;
			files = (
				36DD93E61BD30DE30004FAEA /* main.cpp in Sources */,
			);
			runOnlyForDeploymentPostprocessing = 0;
		};
/* End PBXSourcesBuildPhase section */

/* Begin XCBuildConfiguration section */
		36DD93E71BD30DE30004FAEA /* Debug */ = {
			isa = XCBuildConfiguration;
			buildSettings = {
				ALWAYS_SEARCH_USER_PATHS = NO;
				CLANG_CXX_LANGUAGE_STANDARD = "gnu++0x";
				CLANG_CXX_LIBRARY = "libc++";
				CLANG_ENABLE_MODULES = YES;
				CLANG_ENABLE_OBJC_ARC = YES;
				CLANG_WARN_BOOL_CONVERSION = YES;
				CLANG_WARN_CONSTANT_CONVERSION = YES;
				CLANG_WARN_DIRECT_OBJC_ISA_USAGE = YES_ERROR;
				CLANG_WARN_EMPTY_BODY = YES;
				CLANG_WARN_ENUM_CONVERSION = YES;
				CLANG_WARN_INT_CONVERSION = YES;
				CLANG_WARN_OBJC_ROOT_CLASS = YES_ERROR;
				CLANG_WARN_UNREACHABLE_CODE = YES;
				CLANG_WARN__DUPLICATE_METHOD_MATCH = YES;
				COPY_PHASE_STRIP = NO;
				DEBUG_INFORMATION_FORMAT = dwarf;
				ENABLE_STRICT_OBJC_MSGSEND = YES;
				GCC_C_LANGUAGE_STANDARD = gnu99;
				GCC_DYNAMIC_NO_PIC = NO;
				GCC_NO_COMMON_BLOCKS = YES;
				GCC_OPTIMIZATION_LEVEL = 0;
				GCC_PREPROCESSOR_DEFINITIONS = (
					"DEBUG=1",
					"$(inherited)",
				);
				GCC_SYMBOLS_PRIVATE_EXTERN = NO;
				GCC_WARN_64_TO_32_BIT_CONVERSION = YES;
				GCC_WARN_ABOUT_RETURN_TYPE = YES_ERROR;
				GCC_WARN_UNDECLARED_SELECTOR = YES;
				GCC_WARN_UNINITIALIZED_AUTOS = YES_AGGRESSIVE;
				GCC_WARN_UNUSED_FUNCTION = YES;
				GCC_WARN_UNUSED_VARIABLE = YES;
				MACOSX_DEPLOYMENT_TARGET = 10.10;
				MTL_ENABLE_DEBUG_INFO = YES;
				ONLY_ACTIVE_ARCH = YES;
				SDKROOT = macosx;
			};
			name = Debug;
		};
		36DD93E81BD30DE30004FAEA /* Release */ = {
			isa = XCBuildConfiguration;
			buildSettings = {
				ALWAYS_SEARCH_USER_PATHS = NO;
				CLANG_CXX_LANGUAGE_STANDARD = "gnu++0x";
				CLANG_CXX_LIBRARY = "libc++";
				CLANG_ENABLE_MODULES = YES;
				CLANG_ENABLE_OBJC_ARC = YES;
				CLANG_WARN_BOOL_CONVERSION = YES;
				CLANG_WARN_CONSTANT_CONVERSION = YES;
				CLANG_WARN_DIRECT_OBJC_ISA_USAGE = YES_ERROR;
				CLANG_WARN_EMPTY_BODY = YES;
				CLANG_WARN_ENUM_CONVERSION = YES;
				CLANG_WARN_INT_CONVERSION = YES;
				CLANG_WARN_OBJC_ROOT_CLASS = YES_ERROR;
				CLANG_WARN_UNREACHABLE_CODE = YES;
				CLANG_WARN__DUPLICATE_METHOD_MATCH = YES;
				COPY_PHASE_STRIP = NO;
				DEBUG_INFORMATION_FORMAT = "dwarf-with-dsym";
				ENABLE_NS_ASSERTIONS = NO;
				ENABLE_STRICT_OBJC_MSGSEND = YES;
				GCC_C_LANGUAGE_STANDARD = gnu99;
				GCC_NO_COMMON_BLOCKS = YES;
				GCC_WARN_64_TO_32_BIT_CONVERSION = YES;
				GCC_WARN_ABOUT_RETURN_TYPE = YES_ERROR;
				GCC_WARN_UNDECLARED_SELECTOR = YES;
				GCC_WARN_UNINITIALIZED_AUTOS = YES_AGGRESSIVE;
				GCC_WARN_UNUSED_FUNCTION = YES;
				GCC_WARN_UNUSED_VARIABLE = YES;
				MACOSX_DEPLOYMENT_TARGET = 10.10;
				MTL_ENABLE_DEBUG_INFO = NO;
				SDKROOT = macosx;
			};
			name = Release;
		};
		36DD93EA1BD30DE30004FAEA /* Debug */ = {
			isa = XCBuildConfiguration;
			buildSettings = {
				PRODUCT_NAME = "$(TARGET_NAME)";
			};
			name = Debug;
		};
		36DD93EB1BD30DE30004FAEA /* Release */ = {
			isa = XCBuildConfiguration;
			buildSettings = {
				PRODUCT_NAME = "$(TARGET_NAME)";
			};
			name = Release;
		};
/* End XCBuildConfiguration section */

/* Begin XCConfigurationList section */
		36DD93DD1BD30DE30004FAEA /* Build configuration list for PBXProject "1_4_PalindromePermutation" */ = {
			isa = XCConfigurationList;
			buildConfigurations = (
				36DD93E71BD30DE30004FAEA /* Debug */,
				36DD93E81BD30DE30004FAEA /* Release */,
			);
			defaultConfigurationIsVisible = 0;
			defaultConfigurationName = Release;
		};
		36DD93E91BD30DE30004FAEA /* Build configuration list for PBXNativeTarget "1_4_PalindromePermutation" */ = {
			isa = XCConfigurationList;
			buildConfigurations = (
				36DD93EA1BD30DE30004FAEA /* Debug */,
				36DD93EB1BD30DE30004FAEA /* Release */,
			);
			defaultConfigurationIsVisible = 0;
		};
/* End XCConfigurationList section */
	};
	rootObject = 36DD93DA1BD30DE30004FAEA /* Project object */;
}
